
Microsoft Visual Studio Solution File, Format Version 12.00
# Visual Studio 15
VisualStudioVersion = 15.0.28307.421
MinimumVisualStudioVersion = 10.0.40219.1
Project("{FAE04EC0-301F-11D3-BF4B-00C04F79EFBC}") = "SwordAndFather", "SwordAndFather\SwordAndFather.csproj", "{2953196F-54E4-4E94-BB14-F9FD459422E3}"
EndProject
Global
	GlobalSection(SolutionConfigurationPlatforms) = preSolution
		Debug|Any CPU = Debug|Any CPU
		Release|Any CPU = Release|Any CPU
	EndGlobalSection
	GlobalSection(ProjectConfigurationPlatforms) = postSolution
		{2953196F-54E4-4E94-BB14-F9FD459422E3}.Debug|Any CPU.ActiveCfg = Debug|Any CPU
		{2953196F-54E4-4E94-BB14-F9FD459422E3}.Debug|Any CPU.Build.0 = Debug|Any CPU
		{2953196F-54E4-4E94-BB14-F9FD459422E3}.Release|Any CPU.ActiveCfg = Release|Any CPU
		{2953196F-54E4-4E94-BB14-F9FD459422E3}.Release|Any CPU.Build.0 = Release|Any CPU
	EndGlobalSection
	GlobalSection(SolutionProperties) = preSolution
		HideSolutionNode = FALSE
	EndGlobalSection
	GlobalSection(ExtensibilityGlobals) = postSolution
		SolutionGuid = {4BA21BE8-E731-4FA8-9A32-6CFBB3E56E2E}
	EndGlobalSection
EndGlobal
